// !$*UTF8*$!
{
	archiveVersion = 1;
	classes = {
	};
	objectVersion = 50;
	objects = {

/* Begin PBXBuildFile section */
		330E868222674CA5008A36DC /* AppDelegate.swift in Sources */ = {isa = PBXBuildFile; fileRef = 330E868122674CA5008A36DC /* AppDelegate.swift */; };
		330E868422674CA5008A36DC /* ViewController.swift in Sources */ = {isa = PBXBuildFile; fileRef = 330E868322674CA5008A36DC /* ViewController.swift */; };
		330E868722674CA5008A36DC /* Main.storyboard in Resources */ = {isa = PBXBuildFile; fileRef = 330E868522674CA5008A36DC /* Main.storyboard */; };
		330E868922674CA6008A36DC /* Assets.xcassets in Resources */ = {isa = PBXBuildFile; fileRef = 330E868822674CA6008A36DC /* Assets.xcassets */; };
		330E868C22674CA6008A36DC /* LaunchScreen.storyboard in Resources */ = {isa = PBXBuildFile; fileRef = 330E868A22674CA6008A36DC /* LaunchScreen.storyboard */; };
		330E86942267521E008A36DC /* StretchyHeaderCollectionViewController.swift in Sources */ = {isa = PBXBuildFile; fileRef = 330E86932267521E008A36DC /* StretchyHeaderCollectionViewController.swift */; };
		330E869622675681008A36DC /* MainCollectionViewCell.swift in Sources */ = {isa = PBXBuildFile; fileRef = 330E869522675681008A36DC /* MainCollectionViewCell.swift */; };
		330E869822675C02008A36DC /* UIView-Extension.swift in Sources */ = {isa = PBXBuildFile; fileRef = 330E869722675C02008A36DC /* UIView-Extension.swift */; };
		330E869C22675D08008A36DC /* HeaderCollectionViewCell.swift in Sources */ = {isa = PBXBuildFile; fileRef = 330E869B22675D08008A36DC /* HeaderCollectionViewCell.swift */; };
		330E869F226767C6008A36DC /* StretchHeaderLayout.swift in Sources */ = {isa = PBXBuildFile; fileRef = 330E869E226767C6008A36DC /* StretchHeaderLayout.swift */; };
		330E86A122679C75008A36DC /* UIColor-Extension.swift in Sources */ = {isa = PBXBuildFile; fileRef = 330E86A022679C74008A36DC /* UIColor-Extension.swift */; };
		330E86A52267A4E4008A36DC /* UserModel.swift in Sources */ = {isa = PBXBuildFile; fileRef = 330E86A42267A4E4008A36DC /* UserModel.swift */; };
/* End PBXBuildFile section */

/* Begin PBXFileReference section */
		330E867E22674CA5008A36DC /* stretchyHeaderCollectionView.app */ = {isa = PBXFileReference; explicitFileType = wrapper.application; includeInIndex = 0; path = stretchyHeaderCollectionView.app; sourceTree = BUILT_PRODUCTS_DIR; };
		330E868122674CA5008A36DC /* AppDelegate.swift */ = {isa = PBXFileReference; lastKnownFileType = sourcecode.swift; path = AppDelegate.swift; sourceTree = "<group>"; };
		330E868322674CA5008A36DC /* ViewController.swift */ = {isa = PBXFileReference; lastKnownFileType = sourcecode.swift; path = ViewController.swift; sourceTree = "<group>"; };
		330E868622674CA5008A36DC /* Base */ = {isa = PBXFileReference; lastKnownFileType = file.storyboard; name = Base; path = Base.lproj/Main.storyboard; sourceTree = "<group>"; };
		330E868822674CA6008A36DC /* Assets.xcassets */ = {isa = PBXFileReference; lastKnownFileType = folder.assetcatalog; path = Assets.xcassets; sourceTree = "<group>"; };
		330E868B22674CA6008A36DC /* Base */ = {isa = PBXFileReference; lastKnownFileType = file.storyboard; name = Base; path = Base.lproj/LaunchScreen.storyboard; sourceTree = "<group>"; };
		330E868D22674CA6008A36DC /* Info.plist */ = {isa = PBXFileReference; lastKnownFileType = text.plist.xml; path = Info.plist; sourceTree = "<group>"; };
		330E86932267521E008A36DC /* StretchyHeaderCollectionViewController.swift */ = {isa = PBXFileReference; lastKnownFileType = sourcecode.swift; path = StretchyHeaderCollectionViewController.swift; sourceTree = "<group>"; };
		330E869522675681008A36DC /* MainCollectionViewCell.swift */ = {isa = PBXFileReference; lastKnownFileType = sourcecode.swift; path = MainCollectionViewCell.swift; sourceTree = "<group>"; };
		330E869722675C02008A36DC /* UIView-Extension.swift */ = {isa = PBXFileReference; fileEncoding = 4; lastKnownFileType = sourcecode.swift; path = "UIView-Extension.swift"; sourceTree = "<group>"; };
		330E869B22675D08008A36DC /* HeaderCollectionViewCell.swift */ = {isa = PBXFileReference; lastKnownFileType = sourcecode.swift; path = HeaderCollectionViewCell.swift; sourceTree = "<group>"; };
		330E869E226767C6008A36DC /* StretchHeaderLayout.swift */ = {isa = PBXFileReference; lastKnownFileType = sourcecode.swift; path = StretchHeaderLayout.swift; sourceTree = "<group>"; };
		330E86A022679C74008A36DC /* UIColor-Extension.swift */ = {isa = PBXFileReference; fileEncoding = 4; lastKnownFileType = sourcecode.swift; path = "UIColor-Extension.swift"; sourceTree = "<group>"; };
		330E86A42267A4E4008A36DC /* UserModel.swift */ = {isa = PBXFileReference; fileEncoding = 4; lastKnownFileType = sourcecode.swift; path = UserModel.swift; sourceTree = "<group>"; };
/* End PBXFileReference section */

/* Begin PBXFrameworksBuildPhase section */
		330E867B22674CA5008A36DC /* Frameworks */ = {
			isa = PBXFrameworksBuildPhase;
			buildActionMask = 2147483647;
			files = (
			);
			runOnlyForDeploymentPostprocessing = 0;
		};
/* End PBXFrameworksBuildPhase section */

/* Begin PBXGroup section */
		330E867522674CA5008A36DC = {
			isa = PBXGroup;
			children = (
				330E868022674CA5008A36DC /* stretchyHeaderCollectionView */,
				330E867F22674CA5008A36DC /* Products */,
			);
			sourceTree = "<group>";
		};
		330E867F22674CA5008A36DC /* Products */ = {
			isa = PBXGroup;
			children = (
				330E867E22674CA5008A36DC /* stretchyHeaderCollectionView.app */,
			);
			name = Products;
			sourceTree = "<group>";
		};
		330E868022674CA5008A36DC /* stretchyHeaderCollectionView */ = {
			isa = PBXGroup;
			children = (
				330E86A42267A4E4008A36DC /* UserModel.swift */,
				330E869D226767AE008A36DC /* CollectionViewLayout */,
				330E869A22675CFC008A36DC /* View */,
				330E869922675CED008A36DC /* Helper */,
				330E868122674CA5008A36DC /* AppDelegate.swift */,
				330E868322674CA5008A36DC /* ViewController.swift */,
				330E868522674CA5008A36DC /* Main.storyboard */,
				330E868822674CA6008A36DC /* Assets.xcassets */,
				330E868A22674CA6008A36DC /* LaunchScreen.storyboard */,
				330E868D22674CA6008A36DC /* Info.plist */,
				330E86932267521E008A36DC /* StretchyHeaderCollectionViewController.swift */,
			);
			path = stretchyHeaderCollectionView;
			sourceTree = "<group>";
		};
		330E869922675CED008A36DC /* Helper */ = {
			isa = PBXGroup;
			children = (
				330E86A022679C74008A36DC /* UIColor-Extension.swift */,
				330E869722675C02008A36DC /* UIView-Extension.swift */,
			);
			path = Helper;
			sourceTree = "<group>";
		};
		330E869A22675CFC008A36DC /* View */ = {
			isa = PBXGroup;
			children = (
				330E869B22675D08008A36DC /* HeaderCollectionViewCell.swift */,
				330E869522675681008A36DC /* MainCollectionViewCell.swift */,
			);
			path = View;
			sourceTree = "<group>";
		};
		330E869D226767AE008A36DC /* CollectionViewLayout */ = {
			isa = PBXGroup;
			children = (
				330E869E226767C6008A36DC /* StretchHeaderLayout.swift */,
			);
			path = CollectionViewLayout;
			sourceTree = "<group>";
		};
/* End PBXGroup section */

/* Begin PBXNativeTarget section */
		330E867D22674CA5008A36DC /* stretchyHeaderCollectionView */ = {
			isa = PBXNativeTarget;
			buildConfigurationList = 330E869022674CA6008A36DC /* Build configuration list for PBXNativeTarget "stretchyHeaderCollectionView" */;
			buildPhases = (
				330E867A22674CA5008A36DC /* Sources */,
				330E867B22674CA5008A36DC /* Frameworks */,
				330E867C22674CA5008A36DC /* Resources */,
			);
			buildRules = (
			);
			dependencies = (
			);
			name = stretchyHeaderCollectionView;
			productName = stretchyHeaderCollectionView;
			productReference = 330E867E22674CA5008A36DC /* stretchyHeaderCollectionView.app */;
			productType = "com.apple.product-type.application";
		};
/* End PBXNativeTarget section */

/* Begin PBXProject section */
		330E867622674CA5008A36DC /* Project object */ = {
			isa = PBXProject;
			attributes = {
				LastSwiftUpdateCheck = 1020;
				LastUpgradeCheck = 1020;
				ORGANIZATIONNAME = "Serhat Yılmaz";
				TargetAttributes = {
					330E867D22674CA5008A36DC = {
						CreatedOnToolsVersion = 10.2;
					};
				};
			};
			buildConfigurationList = 330E867922674CA5008A36DC /* Build configuration list for PBXProject "stretchyHeaderCollectionView" */;
			compatibilityVersion = "Xcode 9.3";
			developmentRegion = en;
			hasScannedForEncodings = 0;
			knownRegions = (
				en,
				Base,
			);
			mainGroup = 330E867522674CA5008A36DC;
			productRefGroup = 330E867F22674CA5008A36DC /* Products */;
			projectDirPath = "";
			projectRoot = "";
			targets = (
				330E867D22674CA5008A36DC /* stretchyHeaderCollectionView */,
			);
		};
/* End PBXProject section */

/* Begin PBXResourcesBuildPhase section */
		330E867C22674CA5008A36DC /* Resources */ = {
			isa = PBXResourcesBuildPhase;
			buildActionMask = 2147483647;
			files = (
				330E868C22674CA6008A36DC /* LaunchScreen.storyboard in Resources */,
				330E868922674CA6008A36DC /* Assets.xcassets in Resources */,
				330E868722674CA5008A36DC /* Main.storyboard in Resources */,
			);
			runOnlyForDeploymentPostprocessing = 0;
		};
/* End PBXResourcesBuildPhase section */

/* Begin PBXSourcesBuildPhase section */
		330E867A22674CA5008A36DC /* Sources */ = {
			isa = PBXSourcesBuildPhase;
			buildActionMask = 2147483647;
			files = (
				330E868422674CA5008A36DC /* ViewController.swift in Sources */,
				330E86A122679C75008A36DC /* UIColor-Extension.swift in Sources */,
				330E869622675681008A36DC /* MainCollectionViewCell.swift in Sources */,
				330E868222674CA5008A36DC /* AppDelegate.swift in Sources */,
				330E869C22675D08008A36DC /* HeaderCollectionViewCell.swift in Sources */,
				330E869F226767C6008A36DC /* StretchHeaderLayout.swift in Sources */,
				330E869822675C02008A36DC /* UIView-Extension.swift in Sources */,
				330E86942267521E008A36DC /* StretchyHeaderCollectionViewController.swift in Sources */,
				330E86A52267A4E4008A36DC /* UserModel.swift in Sources */,
			);
			runOnlyForDeploymentPostprocessing = 0;
		};
/* End PBXSourcesBuildPhase section */

/* Begin PBXVariantGroup section */
		330E868522674CA5008A36DC /* Main.storyboard */ = {
			isa = PBXVariantGroup;
			children = (
				330E868622674CA5008A36DC /* Base */,
			);
			name = Main.storyboard;
			sourceTree = "<group>";
		};
		330E868A22674CA6008A36DC /* LaunchScreen.storyboard */ = {
			isa = PBXVariantGroup;
			children = (
				330E868B22674CA6008A36DC /* Base */,
			);
			name = LaunchScreen.storyboard;
			sourceTree = "<group>";
		};
/* End PBXVariantGroup section */

/* Begin XCBuildConfiguration section */
		330E868E22674CA6008A36DC /* Debug */ = {
			isa = XCBuildConfiguration;
			buildSettings = {
				ALWAYS_SEARCH_USER_PATHS = NO;
				CLANG_ANALYZER_NONNULL = YES;
				CLANG_ANALYZER_NUMBER_OBJECT_CONVERSION = YES_AGGRESSIVE;
				CLANG_CXX_LANGUAGE_STANDARD = "gnu++14";
				CLANG_CXX_LIBRARY = "libc++";
				CLANG_ENABLE_MODULES = YES;
				CLANG_ENABLE_OBJC_ARC = YES;
				CLANG_ENABLE_OBJC_WEAK = YES;
				CLANG_WARN_BLOCK_CAPTURE_AUTORELEASING = YES;
				CLANG_WARN_BOOL_CONVERSION = YES;
				CLANG_WARN_COMMA = YES;
				CLANG_WARN_CONSTANT_CONVERSION = YES;
				CLANG_WARN_DEPRECATED_OBJC_IMPLEMENTATIONS = YES;
				CLANG_WARN_DIRECT_OBJC_ISA_USAGE = YES_ERROR;
				CLANG_WARN_DOCUMENTATION_COMMENTS = YES;
				CLANG_WARN_EMPTY_BODY = YES;
				CLANG_WARN_ENUM_CONVERSION = YES;
				CLANG_WARN_INFINITE_RECURSION = YES;
				CLANG_WARN_INT_CONVERSION = YES;
				CLANG_WARN_NON_LITERAL_NULL_CONVERSION = YES;
				CLANG_WARN_OBJC_IMPLICIT_RETAIN_SELF = YES;
				CLANG_WARN_OBJC_LITERAL_CONVERSION = YES;
				CLANG_WARN_OBJC_ROOT_CLASS = YES_ERROR;
				CLANG_WARN_RANGE_LOOP_ANALYSIS = YES;
				CLANG_WARN_STRICT_PROTOTYPES = YES;
				CLANG_WARN_SUSPICIOUS_MOVE = YES;
				CLANG_WARN_UNGUARDED_AVAILABILITY = YES_AGGRESSIVE;
				CLANG_WARN_UNREACHABLE_CODE = YES;
				CLANG_WARN__DUPLICATE_METHOD_MATCH = YES;
				CODE_SIGN_IDENTITY = "iPhone Developer";
				COPY_PHASE_STRIP = NO;
				DEBUG_INFORMATION_FORMAT = dwarf;
				ENABLE_STRICT_OBJC_MSGSEND = YES;
				ENABLE_TESTABILITY = YES;
				GCC_C_LANGUAGE_STANDARD = gnu11;
				GCC_DYNAMIC_NO_PIC = NO;
				GCC_NO_COMMON_BLOCKS = YES;
				GCC_OPTIMIZATION_LEVEL = 0;
				GCC_PREPROCESSOR_DEFINITIONS = (
					"DEBUG=1",
					"$(inherited)",
				);
				GCC_WARN_64_TO_32_BIT_CONVERSION = YES;
				GCC_WARN_ABOUT_RETURN_TYPE = YES_ERROR;
				GCC_WARN_UNDECLARED_SELECTOR = YES;
				GCC_WARN_UNINITIALIZED_AUTOS = YES_AGGRESSIVE;
				GCC_WARN_UNUSED_FUNCTION = YES;
				GCC_WARN_UNUSED_VARIABLE = YES;
				IPHONEOS_DEPLOYMENT_TARGET = 12.2;
				MTL_ENABLE_DEBUG_INFO = INCLUDE_SOURCE;
				MTL_FAST_MATH = YES;
				ONLY_ACTIVE_ARCH = YES;
				SDKROOT = iphoneos;
				SWIFT_ACTIVE_COMPILATION_CONDITIONS = DEBUG;
				SWIFT_OPTIMIZATION_LEVEL = "-Onone";
			};
			name = Debug;
		};
		330E868F22674CA6008A36DC /* Release */ = {
			isa = XCBuildConfiguration;
			buildSettings = {
				ALWAYS_SEARCH_USER_PATHS = NO;
				CLANG_ANALYZER_NONNULL = YES;
				CLANG_ANALYZER_NUMBER_OBJECT_CONVERSION = YES_AGGRESSIVE;
				CLANG_CXX_LANGUAGE_STANDARD = "gnu++14";
				CLANG_CXX_LIBRARY = "libc++";
				CLANG_ENABLE_MODULES = YES;
				CLANG_ENABLE_OBJC_ARC = YES;
				CLANG_ENABLE_OBJC_WEAK = YES;
				CLANG_WARN_BLOCK_CAPTURE_AUTORELEASING = YES;
				CLANG_WARN_BOOL_CONVERSION = YES;
				CLANG_WARN_COMMA = YES;
				CLANG_WARN_CONSTANT_CONVERSION = YES;
				CLANG_WARN_DEPRECATED_OBJC_IMPLEMENTATIONS = YES;
				CLANG_WARN_DIRECT_OBJC_ISA_USAGE = YES_ERROR;
				CLANG_WARN_DOCUMENTATION_COMMENTS = YES;
				CLANG_WARN_EMPTY_BODY = YES;
				CLANG_WARN_ENUM_CONVERSION = YES;
				CLANG_WARN_INFINITE_RECURSION = YES;
				CLANG_WARN_INT_CONVERSION = YES;
				CLANG_WARN_NON_LITERAL_NULL_CONVERSION = YES;
				CLANG_WARN_OBJC_IMPLICIT_RETAIN_SELF = YES;
				CLANG_WARN_OBJC_LITERAL_CONVERSION = YES;
				CLANG_WARN_OBJC_ROOT_CLASS = YES_ERROR;
				CLANG_WARN_RANGE_LOOP_ANALYSIS = YES;
				CLANG_WARN_STRICT_PROTOTYPES = YES;
				CLANG_WARN_SUSPICIOUS_MOVE = YES;
				CLANG_WARN_UNGUARDED_AVAILABILITY = YES_AGGRESSIVE;
				CLANG_WARN_UNREACHABLE_CODE = YES;
				CLANG_WARN__DUPLICATE_METHOD_MATCH = YES;
				CODE_SIGN_IDENTITY = "iPhone Developer";
				COPY_PHASE_STRIP = NO;
				DEBUG_INFORMATION_FORMAT = "dwarf-with-dsym";
				ENABLE_NS_ASSERTIONS = NO;
				ENABLE_STRICT_OBJC_MSGSEND = YES;
				GCC_C_LANGUAGE_STANDARD = gnu11;
				GCC_NO_COMMON_BLOCKS = YES;
				GCC_WARN_64_TO_32_BIT_CONVERSION = YES;
				GCC_WARN_ABOUT_RETURN_TYPE = YES_ERROR;
				GCC_WARN_UNDECLARED_SELECTOR = YES;
				GCC_WARN_UNINITIALIZED_AUTOS = YES_AGGRESSIVE;
				GCC_WARN_UNUSED_FUNCTION = YES;
				GCC_WARN_UNUSED_VARIABLE = YES;
				IPHONEOS_DEPLOYMENT_TARGET = 12.2;
				MTL_ENABLE_DEBUG_INFO = NO;
				MTL_FAST_MATH = YES;
				SDKROOT = iphoneos;
				SWIFT_COMPILATION_MODE = wholemodule;
				SWIFT_OPTIMIZATION_LEVEL = "-O";
				VALIDATE_PRODUCT = YES;
			};
			name = Release;
		};
		330E869122674CA6008A36DC /* Debug */ = {
			isa = XCBuildConfiguration;
			buildSettings = {
				ASSETCATALOG_COMPILER_APPICON_NAME = AppIcon;
				CODE_SIGN_STYLE = Automatic;
				DEVELOPMENT_TEAM = 8XP8WKTFCB;
				INFOPLIST_FILE = stretchyHeaderCollectionView/Info.plist;
				LD_RUNPATH_SEARCH_PATHS = (
					"$(inherited)",
					"@executable_path/Frameworks",
				);
				PRODUCT_BUNDLE_IDENTIFIER = com.stretchyHeaderCollectionView;
				PRODUCT_NAME = "$(TARGET_NAME)";
				SWIFT_VERSION = 5.0;
				TARGETED_DEVICE_FAMILY = "1,2";
			};
			name = Debug;
		};
		330E869222674CA6008A36DC /* Release */ = {
			isa = XCBuildConfiguration;
			buildSettings = {
				ASSETCATALOG_COMPILER_APPICON_NAME = AppIcon;
				CODE_SIGN_STYLE = Automatic;
				DEVELOPMENT_TEAM = 8XP8WKTFCB;
				INFOPLIST_FILE = stretchyHeaderCollectionView/Info.plist;
				LD_RUNPATH_SEARCH_PATHS = (
					"$(inherited)",
					"@executable_path/Frameworks",
				);
				PRODUCT_BUNDLE_IDENTIFIER = com.stretchyHeaderCollectionView;
				PRODUCT_NAME = "$(TARGET_NAME)";
				SWIFT_VERSION = 5.0;
				TARGETED_DEVICE_FAMILY = "1,2";
			};
			name = Release;
		};
/* End XCBuildConfiguration section */

/* Begin XCConfigurationList section */
		330E867922674CA5008A36DC /* Build configuration list for PBXProject "stretchyHeaderCollectionView" */ = {
			isa = XCConfigurationList;
			buildConfigurations = (
				330E868E22674CA6008A36DC /* Debug */,
				330E868F22674CA6008A36DC /* Release */,
			);
			defaultConfigurationIsVisible = 0;
			defaultConfigurationName = Release;
		};
		330E869022674CA6008A36DC /* Build configuration list for PBXNativeTarget "stretchyHeaderCollectionView" */ = {
			isa = XCConfigurationList;
			buildConfigurations = (
				330E869122674CA6008A36DC /* Debug */,
				330E869222674CA6008A36DC /* Release */,
			);
			defaultConfigurationIsVisible = 0;
			defaultConfigurationName = Release;
		};
/* End XCConfigurationList section */
	};
	rootObject = 330E867622674CA5008A36DC /* Project object */;
}
